// !$*UTF8*$!
{
	archiveVersion = 1;
	classes = {
	};
	objectVersion = 46;
	objects = {

/* Begin PBXBuildFile section */
		4665C5E91E1F118600FFD51D /* AppDelegate.swift in Sources */ = {isa = PBXBuildFile; fileRef = 4665C5E81E1F118600FFD51D /* AppDelegate.swift */; };
		4665C5EB1E1F118600FFD51D /* ViewController.swift in Sources */ = {isa = PBXBuildFile; fileRef = 4665C5EA1E1F118600FFD51D /* ViewController.swift */; };
		4665C5EE1E1F118600FFD51D /* Main.storyboard in Resources */ = {isa = PBXBuildFile; fileRef = 4665C5EC1E1F118600FFD51D /* Main.storyboard */; };
		4665C5F01E1F118600FFD51D /* Assets.xcassets in Resources */ = {isa = PBXBuildFile; fileRef = 4665C5EF1E1F118600FFD51D /* Assets.xcassets */; };
		4665C5F31E1F118600FFD51D /* LaunchScreen.storyboard in Resources */ = {isa = PBXBuildFile; fileRef = 4665C5F11E1F118600FFD51D /* LaunchScreen.storyboard */; };
		4665C5FE1E1F118600FFD51D /* InstagramTests.swift in Sources */ = {isa = PBXBuildFile; fileRef = 4665C5FD1E1F118600FFD51D /* InstagramTests.swift */; };
		4665C6091E1F118600FFD51D /* InstagramUITests.swift in Sources */ = {isa = PBXBuildFile; fileRef = 4665C6081E1F118600FFD51D /* InstagramUITests.swift */; };
		4665C61B1E1F128F00FFD51D /* AWSS3.framework in Frameworks */ = {isa = PBXBuildFile; fileRef = 4665C6171E1F128F00FFD51D /* AWSS3.framework */; };
		4665C61C1E1F128F00FFD51D /* AWSDynamoDB.framework in Frameworks */ = {isa = PBXBuildFile; fileRef = 4665C6181E1F128F00FFD51D /* AWSDynamoDB.framework */; };
		4665C61D1E1F128F00FFD51D /* AWSCognito.framework in Frameworks */ = {isa = PBXBuildFile; fileRef = 4665C6191E1F128F00FFD51D /* AWSCognito.framework */; };
		4665C61E1E1F128F00FFD51D /* AWSCore.framework in Frameworks */ = {isa = PBXBuildFile; fileRef = 4665C61A1E1F128F00FFD51D /* AWSCore.framework */; };
		4665C6211E1F150400FFD51D /* GoogleService-Info.plist in Resources */ = {isa = PBXBuildFile; fileRef = 4665C6201E1F150400FFD51D /* GoogleService-Info.plist */; };
		4665C6241E1F15E600FFD51D /* GoogleSignIn.bundle in Resources */ = {isa = PBXBuildFile; fileRef = 4665C6231E1F15E600FFD51D /* GoogleSignIn.bundle */; };
		4665C6291E1F15F600FFD51D /* GoogleAppUtilities.framework in Frameworks */ = {isa = PBXBuildFile; fileRef = 4665C6251E1F15F600FFD51D /* GoogleAppUtilities.framework */; };
		4665C62A1E1F15F600FFD51D /* GoogleSignIn.framework in Frameworks */ = {isa = PBXBuildFile; fileRef = 4665C6261E1F15F600FFD51D /* GoogleSignIn.framework */; };
		4665C62B1E1F15F600FFD51D /* GoogleSignInDependencies.framework in Frameworks */ = {isa = PBXBuildFile; fileRef = 4665C6271E1F15F600FFD51D /* GoogleSignInDependencies.framework */; };
		4665C62C1E1F15F600FFD51D /* GoogleSymbolUtilities.framework in Frameworks */ = {isa = PBXBuildFile; fileRef = 4665C6281E1F15F600FFD51D /* GoogleSymbolUtilities.framework */; };
		4665C62E1E1F165700FFD51D /* AddressBook.framework in Frameworks */ = {isa = PBXBuildFile; fileRef = 4665C62D1E1F165700FFD51D /* AddressBook.framework */; };
		4665C6301E1F165E00FFD51D /* SafariServices.framework in Frameworks */ = {isa = PBXBuildFile; fileRef = 4665C62F1E1F165E00FFD51D /* SafariServices.framework */; };
		4665C6321E1F166600FFD51D /* SystemConfiguration.framework in Frameworks */ = {isa = PBXBuildFile; fileRef = 4665C6311E1F166600FFD51D /* SystemConfiguration.framework */; };
		4665C6341E1F16D900FFD51D /* libz.tbd in Frameworks */ = {isa = PBXBuildFile; fileRef = 4665C6331E1F16D900FFD51D /* libz.tbd */; };
		4665C6361E1F16F000FFD51D /* libsqlite3.tbd in Frameworks */ = {isa = PBXBuildFile; fileRef = 4665C6351E1F16F000FFD51D /* libsqlite3.tbd */; };
		4665C6371E1F17B500FFD51D /* AWSS3.framework in Frameworks */ = {isa = PBXBuildFile; fileRef = 4665C6171E1F128F00FFD51D /* AWSS3.framework */; };
		4665C6381E1F17B500FFD51D /* AWSS3.framework in Embed Frameworks */ = {isa = PBXBuildFile; fileRef = 4665C6171E1F128F00FFD51D /* AWSS3.framework */; settings = {ATTRIBUTES = (CodeSignOnCopy, RemoveHeadersOnCopy, ); }; };
		4665C6391E1F17B500FFD51D /* AWSDynamoDB.framework in Frameworks */ = {isa = PBXBuildFile; fileRef = 4665C6181E1F128F00FFD51D /* AWSDynamoDB.framework */; };
		4665C63A1E1F17B500FFD51D /* AWSDynamoDB.framework in Embed Frameworks */ = {isa = PBXBuildFile; fileRef = 4665C6181E1F128F00FFD51D /* AWSDynamoDB.framework */; settings = {ATTRIBUTES = (CodeSignOnCopy, RemoveHeadersOnCopy, ); }; };
		4665C63B1E1F17B500FFD51D /* AWSCognito.framework in Frameworks */ = {isa = PBXBuildFile; fileRef = 4665C6191E1F128F00FFD51D /* AWSCognito.framework */; };
		4665C63C1E1F17B500FFD51D /* AWSCognito.framework in Embed Frameworks */ = {isa = PBXBuildFile; fileRef = 4665C6191E1F128F00FFD51D /* AWSCognito.framework */; settings = {ATTRIBUTES = (CodeSignOnCopy, RemoveHeadersOnCopy, ); }; };
		4665C63D1E1F17B500FFD51D /* AWSCore.framework in Frameworks */ = {isa = PBXBuildFile; fileRef = 4665C61A1E1F128F00FFD51D /* AWSCore.framework */; };
		4665C63E1E1F17B500FFD51D /* AWSCore.framework in Embed Frameworks */ = {isa = PBXBuildFile; fileRef = 4665C61A1E1F128F00FFD51D /* AWSCore.framework */; settings = {ATTRIBUTES = (CodeSignOnCopy, RemoveHeadersOnCopy, ); }; };
		46DC447E1E21745E00B3362E /* Follower.swift in Sources */ = {isa = PBXBuildFile; fileRef = 46DC447D1E21745E00B3362E /* Follower.swift */; };
		46DC44811E21747A00B3362E /* User.swift in Sources */ = {isa = PBXBuildFile; fileRef = 46DC44801E21747A00B3362E /* User.swift */; };
/* End PBXBuildFile section */

/* Begin PBXContainerItemProxy section */
		4665C5FA1E1F118600FFD51D /* PBXContainerItemProxy */ = {
			isa = PBXContainerItemProxy;
			containerPortal = 4665C5DD1E1F118600FFD51D /* Project object */;
			proxyType = 1;
			remoteGlobalIDString = 4665C5E41E1F118600FFD51D;
			remoteInfo = Instagram;
		};
		4665C6051E1F118600FFD51D /* PBXContainerItemProxy */ = {
			isa = PBXContainerItemProxy;
			containerPortal = 4665C5DD1E1F118600FFD51D /* Project object */;
			proxyType = 1;
			remoteGlobalIDString = 4665C5E41E1F118600FFD51D;
			remoteInfo = Instagram;
		};
/* End PBXContainerItemProxy section */

/* Begin PBXCopyFilesBuildPhase section */
		4665C63F1E1F17B500FFD51D /* Embed Frameworks */ = {
			isa = PBXCopyFilesBuildPhase;
			buildActionMask = 2147483647;
			dstPath = "";
			dstSubfolderSpec = 10;
			files = (
				4665C63C1E1F17B500FFD51D /* AWSCognito.framework in Embed Frameworks */,
				4665C63E1E1F17B500FFD51D /* AWSCore.framework in Embed Frameworks */,
				4665C63A1E1F17B500FFD51D /* AWSDynamoDB.framework in Embed Frameworks */,
				4665C6381E1F17B500FFD51D /* AWSS3.framework in Embed Frameworks */,
			);
			name = "Embed Frameworks";
			runOnlyForDeploymentPostprocessing = 0;
		};
/* End PBXCopyFilesBuildPhase section */

/* Begin PBXFileReference section */
		4665C5E51E1F118600FFD51D /* Instagram.app */ = {isa = PBXFileReference; explicitFileType = wrapper.application; includeInIndex = 0; path = Instagram.app; sourceTree = BUILT_PRODUCTS_DIR; };
		4665C5E81E1F118600FFD51D /* AppDelegate.swift */ = {isa = PBXFileReference; lastKnownFileType = sourcecode.swift; path = AppDelegate.swift; sourceTree = "<group>"; };
		4665C5EA1E1F118600FFD51D /* ViewController.swift */ = {isa = PBXFileReference; lastKnownFileType = sourcecode.swift; path = ViewController.swift; sourceTree = "<group>"; };
		4665C5ED1E1F118600FFD51D /* Base */ = {isa = PBXFileReference; lastKnownFileType = file.storyboard; name = Base; path = Base.lproj/Main.storyboard; sourceTree = "<group>"; };
		4665C5EF1E1F118600FFD51D /* Assets.xcassets */ = {isa = PBXFileReference; lastKnownFileType = folder.assetcatalog; path = Assets.xcassets; sourceTree = "<group>"; };
		4665C5F21E1F118600FFD51D /* Base */ = {isa = PBXFileReference; lastKnownFileType = file.storyboard; name = Base; path = Base.lproj/LaunchScreen.storyboard; sourceTree = "<group>"; };
		4665C5F41E1F118600FFD51D /* Info.plist */ = {isa = PBXFileReference; lastKnownFileType = text.plist.xml; path = Info.plist; sourceTree = "<group>"; };
		4665C5F91E1F118600FFD51D /* InstagramTests.xctest */ = {isa = PBXFileReference; explicitFileType = wrapper.cfbundle; includeInIndex = 0; path = InstagramTests.xctest; sourceTree = BUILT_PRODUCTS_DIR; };
		4665C5FD1E1F118600FFD51D /* InstagramTests.swift */ = {isa = PBXFileReference; lastKnownFileType = sourcecode.swift; path = InstagramTests.swift; sourceTree = "<group>"; };
		4665C5FF1E1F118600FFD51D /* Info.plist */ = {isa = PBXFileReference; lastKnownFileType = text.plist.xml; path = Info.plist; sourceTree = "<group>"; };
		4665C6041E1F118600FFD51D /* InstagramUITests.xctest */ = {isa = PBXFileReference; explicitFileType = wrapper.cfbundle; includeInIndex = 0; path = InstagramUITests.xctest; sourceTree = BUILT_PRODUCTS_DIR; };
		4665C6081E1F118600FFD51D /* InstagramUITests.swift */ = {isa = PBXFileReference; lastKnownFileType = sourcecode.swift; path = InstagramUITests.swift; sourceTree = "<group>"; };
		4665C60A1E1F118600FFD51D /* Info.plist */ = {isa = PBXFileReference; lastKnownFileType = text.plist.xml; path = Info.plist; sourceTree = "<group>"; };
		4665C6171E1F128F00FFD51D /* AWSS3.framework */ = {isa = PBXFileReference; lastKnownFileType = wrapper.framework; name = AWSS3.framework; path = Frameworks/AWSS3.framework; sourceTree = "<group>"; };
		4665C6181E1F128F00FFD51D /* AWSDynamoDB.framework */ = {isa = PBXFileReference; lastKnownFileType = wrapper.framework; name = AWSDynamoDB.framework; path = Frameworks/AWSDynamoDB.framework; sourceTree = "<group>"; };
		4665C6191E1F128F00FFD51D /* AWSCognito.framework */ = {isa = PBXFileReference; lastKnownFileType = wrapper.framework; name = AWSCognito.framework; path = Frameworks/AWSCognito.framework; sourceTree = "<group>"; };
		4665C61A1E1F128F00FFD51D /* AWSCore.framework */ = {isa = PBXFileReference; lastKnownFileType = wrapper.framework; name = AWSCore.framework; path = Frameworks/AWSCore.framework; sourceTree = "<group>"; };
		4665C61F1E1F12F400FFD51D /* Instagram-Bridging-Header.h */ = {isa = PBXFileReference; lastKnownFileType = sourcecode.c.h; path = "Instagram-Bridging-Header.h"; sourceTree = "<group>"; };
		4665C6201E1F150400FFD51D /* GoogleService-Info.plist */ = {isa = PBXFileReference; fileEncoding = 4; lastKnownFileType = text.plist.xml; path = "GoogleService-Info.plist"; sourceTree = "<group>"; };
		4665C6231E1F15E600FFD51D /* GoogleSignIn.bundle */ = {isa = PBXFileReference; lastKnownFileType = "wrapper.plug-in"; path = GoogleSignIn.bundle; sourceTree = "<group>"; };
		4665C6251E1F15F600FFD51D /* GoogleAppUtilities.framework */ = {isa = PBXFileReference; lastKnownFileType = wrapper.framework; path = GoogleAppUtilities.framework; sourceTree = "<group>"; };
		4665C6261E1F15F600FFD51D /* GoogleSignIn.framework */ = {isa = PBXFileReference; lastKnownFileType = wrapper.framework; path = GoogleSignIn.framework; sourceTree = "<group>"; };
		4665C6271E1F15F600FFD51D /* GoogleSignInDependencies.framework */ = {isa = PBXFileReference; lastKnownFileType = wrapper.framework; path = GoogleSignInDependencies.framework; sourceTree = "<group>"; };
		4665C6281E1F15F600FFD51D /* GoogleSymbolUtilities.framework */ = {isa = PBXFileReference; lastKnownFileType = wrapper.framework; path = GoogleSymbolUtilities.framework; sourceTree = "<group>"; };
		4665C62D1E1F165700FFD51D /* AddressBook.framework */ = {isa = PBXFileReference; lastKnownFileType = wrapper.framework; name = AddressBook.framework; path = System/Library/Frameworks/AddressBook.framework; sourceTree = SDKROOT; };
		4665C62F1E1F165E00FFD51D /* SafariServices.framework */ = {isa = PBXFileReference; lastKnownFileType = wrapper.framework; name = SafariServices.framework; path = System/Library/Frameworks/SafariServices.framework; sourceTree = SDKROOT; };
		4665C6311E1F166600FFD51D /* SystemConfiguration.framework */ = {isa = PBXFileReference; lastKnownFileType = wrapper.framework; name = SystemConfiguration.framework; path = System/Library/Frameworks/SystemConfiguration.framework; sourceTree = SDKROOT; };
		4665C6331E1F16D900FFD51D /* libz.tbd */ = {isa = PBXFileReference; lastKnownFileType = "sourcecode.text-based-dylib-definition"; name = libz.tbd; path = usr/lib/libz.tbd; sourceTree = SDKROOT; };
		4665C6351E1F16F000FFD51D /* libsqlite3.tbd */ = {isa = PBXFileReference; lastKnownFileType = "sourcecode.text-based-dylib-definition"; name = libsqlite3.tbd; path = usr/lib/libsqlite3.tbd; sourceTree = SDKROOT; };
		46DC447D1E21745E00B3362E /* Follower.swift */ = {isa = PBXFileReference; fileEncoding = 4; lastKnownFileType = sourcecode.swift; path = Follower.swift; sourceTree = "<group>"; };
		46DC44801E21747A00B3362E /* User.swift */ = {isa = PBXFileReference; fileEncoding = 4; lastKnownFileType = sourcecode.swift; path = User.swift; sourceTree = "<group>"; };
/* End PBXFileReference section */

/* Begin PBXFrameworksBuildPhase section */
		4665C5E21E1F118600FFD51D /* Frameworks */ = {
			isa = PBXFrameworksBuildPhase;
			buildActionMask = 2147483647;
			files = (
				4665C6361E1F16F000FFD51D /* libsqlite3.tbd in Frameworks */,
				4665C6341E1F16D900FFD51D /* libz.tbd in Frameworks */,
				4665C63D1E1F17B500FFD51D /* AWSCore.framework in Frameworks */,
				4665C6321E1F166600FFD51D /* SystemConfiguration.framework in Frameworks */,
				4665C6301E1F165E00FFD51D /* SafariServices.framework in Frameworks */,
				4665C6391E1F17B500FFD51D /* AWSDynamoDB.framework in Frameworks */,
				4665C62E1E1F165700FFD51D /* AddressBook.framework in Frameworks */,
				4665C61D1E1F128F00FFD51D /* AWSCognito.framework in Frameworks */,
				4665C62B1E1F15F600FFD51D /* GoogleSignInDependencies.framework in Frameworks */,
				4665C62C1E1F15F600FFD51D /* GoogleSymbolUtilities.framework in Frameworks */,
				4665C62A1E1F15F600FFD51D /* GoogleSignIn.framework in Frameworks */,
				4665C6291E1F15F600FFD51D /* GoogleAppUtilities.framework in Frameworks */,
				4665C6371E1F17B500FFD51D /* AWSS3.framework in Frameworks */,
				4665C61E1E1F128F00FFD51D /* AWSCore.framework in Frameworks */,
				4665C61C1E1F128F00FFD51D /* AWSDynamoDB.framework in Frameworks */,
				4665C63B1E1F17B500FFD51D /* AWSCognito.framework in Frameworks */,
				4665C61B1E1F128F00FFD51D /* AWSS3.framework in Frameworks */,
			);
			runOnlyForDeploymentPostprocessing = 0;
		};
		4665C5F61E1F118600FFD51D /* Frameworks */ = {
			isa = PBXFrameworksBuildPhase;
			buildActionMask = 2147483647;
			files = (
			);
			runOnlyForDeploymentPostprocessing = 0;
		};
		4665C6011E1F118600FFD51D /* Frameworks */ = {
			isa = PBXFrameworksBuildPhase;
			buildActionMask = 2147483647;
			files = (
			);
			runOnlyForDeploymentPostprocessing = 0;
		};
/* End PBXFrameworksBuildPhase section */

/* Begin PBXGroup section */
		4665C5DC1E1F118600FFD51D = {
			isa = PBXGroup;
			children = (
				4665C6231E1F15E600FFD51D /* GoogleSignIn.bundle */,
				4665C6161E1F122900FFD51D /* Frameworks */,
				4665C5E71E1F118600FFD51D /* Instagram */,
				4665C5FC1E1F118600FFD51D /* InstagramTests */,
				4665C6071E1F118600FFD51D /* InstagramUITests */,
				4665C5E61E1F118600FFD51D /* Products */,
			);
			sourceTree = "<group>";
		};
		4665C5E61E1F118600FFD51D /* Products */ = {
			isa = PBXGroup;
			children = (
				4665C5E51E1F118600FFD51D /* Instagram.app */,
				4665C5F91E1F118600FFD51D /* InstagramTests.xctest */,
				4665C6041E1F118600FFD51D /* InstagramUITests.xctest */,
			);
			name = Products;
			sourceTree = "<group>";
		};
		4665C5E71E1F118600FFD51D /* Instagram */ = {
			isa = PBXGroup;
			children = (
				4665C6201E1F150400FFD51D /* GoogleService-Info.plist */,
				4665C5E81E1F118600FFD51D /* AppDelegate.swift */,
				4665C5EA1E1F118600FFD51D /* ViewController.swift */,
				4665C5EC1E1F118600FFD51D /* Main.storyboard */,
				4665C5EF1E1F118600FFD51D /* Assets.xcassets */,
				4665C5F11E1F118600FFD51D /* LaunchScreen.storyboard */,
				4665C5F41E1F118600FFD51D /* Info.plist */,
				4665C61F1E1F12F400FFD51D /* Instagram-Bridging-Header.h */,
				46DC447D1E21745E00B3362E /* Follower.swift */,
				46DC44801E21747A00B3362E /* User.swift */,
			);
			path = Instagram;
			sourceTree = "<group>";
		};
		4665C5FC1E1F118600FFD51D /* InstagramTests */ = {
			isa = PBXGroup;
			children = (
				4665C5FD1E1F118600FFD51D /* InstagramTests.swift */,
				4665C5FF1E1F118600FFD51D /* Info.plist */,
			);
			path = InstagramTests;
			sourceTree = "<group>";
		};
		4665C6071E1F118600FFD51D /* InstagramUITests */ = {
			isa = PBXGroup;
			children = (
				4665C6081E1F118600FFD51D /* InstagramUITests.swift */,
				4665C60A1E1F118600FFD51D /* Info.plist */,
			);
			path = InstagramUITests;
			sourceTree = "<group>";
		};
		4665C6161E1F122900FFD51D /* Frameworks */ = {
			isa = PBXGroup;
			children = (
				4665C6351E1F16F000FFD51D /* libsqlite3.tbd */,
				4665C6331E1F16D900FFD51D /* libz.tbd */,
				4665C6311E1F166600FFD51D /* SystemConfiguration.framework */,
				4665C62F1E1F165E00FFD51D /* SafariServices.framework */,
				4665C62D1E1F165700FFD51D /* AddressBook.framework */,
				4665C6251E1F15F600FFD51D /* GoogleAppUtilities.framework */,
				4665C6261E1F15F600FFD51D /* GoogleSignIn.framework */,
				4665C6271E1F15F600FFD51D /* GoogleSignInDependencies.framework */,
				4665C6281E1F15F600FFD51D /* GoogleSymbolUtilities.framework */,
				4665C6171E1F128F00FFD51D /* AWSS3.framework */,
				4665C6181E1F128F00FFD51D /* AWSDynamoDB.framework */,
				4665C6191E1F128F00FFD51D /* AWSCognito.framework */,
				4665C61A1E1F128F00FFD51D /* AWSCore.framework */,
			);
			name = Frameworks;
			sourceTree = "<group>";
		};
/* End PBXGroup section */

/* Begin PBXNativeTarget section */
		4665C5E41E1F118600FFD51D /* Instagram */ = {
			isa = PBXNativeTarget;
			buildConfigurationList = 4665C60D1E1F118600FFD51D /* Build configuration list for PBXNativeTarget "Instagram" */;
			buildPhases = (
				4665C5E11E1F118600FFD51D /* Sources */,
				4665C5E21E1F118600FFD51D /* Frameworks */,
				4665C5E31E1F118600FFD51D /* Resources */,
				4665C63F1E1F17B500FFD51D /* Embed Frameworks */,
			);
			buildRules = (
			);
			dependencies = (
			);
			name = Instagram;
			productName = Instagram;
			productReference = 4665C5E51E1F118600FFD51D /* Instagram.app */;
			productType = "com.apple.product-type.application";
		};
		4665C5F81E1F118600FFD51D /* InstagramTests */ = {
			isa = PBXNativeTarget;
			buildConfigurationList = 4665C6101E1F118600FFD51D /* Build configuration list for PBXNativeTarget "InstagramTests" */;
			buildPhases = (
				4665C5F51E1F118600FFD51D /* Sources */,
				4665C5F61E1F118600FFD51D /* Frameworks */,
				4665C5F71E1F118600FFD51D /* Resources */,
			);
			buildRules = (
			);
			dependencies = (
				4665C5FB1E1F118600FFD51D /* PBXTargetDependency */,
			);
			name = InstagramTests;
			productName = InstagramTests;
			productReference = 4665C5F91E1F118600FFD51D /* InstagramTests.xctest */;
			productType = "com.apple.product-type.bundle.unit-test";
		};
		4665C6031E1F118600FFD51D /* InstagramUITests */ = {
			isa = PBXNativeTarget;
			buildConfigurationList = 4665C6131E1F118600FFD51D /* Build configuration list for PBXNativeTarget "InstagramUITests" */;
			buildPhases = (
				4665C6001E1F118600FFD51D /* Sources */,
				4665C6011E1F118600FFD51D /* Frameworks */,
				4665C6021E1F118600FFD51D /* Resources */,
			);
			buildRules = (
			);
			dependencies = (
				4665C6061E1F118600FFD51D /* PBXTargetDependency */,
			);
			name = InstagramUITests;
			productName = InstagramUITests;
			productReference = 4665C6041E1F118600FFD51D /* InstagramUITests.xctest */;
			productType = "com.apple.product-type.bundle.ui-testing";
		};
/* End PBXNativeTarget section */

/* Begin PBXProject section */
		4665C5DD1E1F118600FFD51D /* Project object */ = {
			isa = PBXProject;
			attributes = {
				LastSwiftUpdateCheck = 0820;
				LastUpgradeCheck = 0820;
				ORGANIZATIONNAME = "Sergio Díaz Navarro";
				TargetAttributes = {
					4665C5E41E1F118600FFD51D = {
						CreatedOnToolsVersion = 8.2.1;
						DevelopmentTeam = 5D6S47J43L;
						ProvisioningStyle = Automatic;
					};
					4665C5F81E1F118600FFD51D = {
						CreatedOnToolsVersion = 8.2.1;
						ProvisioningStyle = Automatic;
						TestTargetID = 4665C5E41E1F118600FFD51D;
					};
					4665C6031E1F118600FFD51D = {
						CreatedOnToolsVersion = 8.2.1;
						ProvisioningStyle = Automatic;
						TestTargetID = 4665C5E41E1F118600FFD51D;
					};
				};
			};
			buildConfigurationList = 4665C5E01E1F118600FFD51D /* Build configuration list for PBXProject "Instagram" */;
			compatibilityVersion = "Xcode 3.2";
			developmentRegion = English;
			hasScannedForEncodings = 0;
			knownRegions = (
				en,
				Base,
			);
			mainGroup = 4665C5DC1E1F118600FFD51D;
			productRefGroup = 4665C5E61E1F118600FFD51D /* Products */;
			projectDirPath = "";
			projectRoot = "";
			targets = (
				4665C5E41E1F118600FFD51D /* Instagram */,
				4665C5F81E1F118600FFD51D /* InstagramTests */,
				4665C6031E1F118600FFD51D /* InstagramUITests */,
			);
		};
/* End PBXProject section */

/* Begin PBXResourcesBuildPhase section */
		4665C5E31E1F118600FFD51D /* Resources */ = {
			isa = PBXResourcesBuildPhase;
			buildActionMask = 2147483647;
			files = (
				4665C5F31E1F118600FFD51D /* LaunchScreen.storyboard in Resources */,
				4665C6241E1F15E600FFD51D /* GoogleSignIn.bundle in Resources */,
				4665C6211E1F150400FFD51D /* GoogleService-Info.plist in Resources */,
				4665C5F01E1F118600FFD51D /* Assets.xcassets in Resources */,
				4665C5EE1E1F118600FFD51D /* Main.storyboard in Resources */,
			);
			runOnlyForDeploymentPostprocessing = 0;
		};
		4665C5F71E1F118600FFD51D /* Resources */ = {
			isa = PBXResourcesBuildPhase;
			buildActionMask = 2147483647;
			files = (
			);
			runOnlyForDeploymentPostprocessing = 0;
		};
		4665C6021E1F118600FFD51D /* Resources */ = {
			isa = PBXResourcesBuildPhase;
			buildActionMask = 2147483647;
			files = (
			);
			runOnlyForDeploymentPostprocessing = 0;
		};
/* End PBXResourcesBuildPhase section */

/* Begin PBXSourcesBuildPhase section */
		4665C5E11E1F118600FFD51D /* Sources */ = {
			isa = PBXSourcesBuildPhase;
			buildActionMask = 2147483647;
			files = (
				46DC44811E21747A00B3362E /* User.swift in Sources */,
				4665C5EB1E1F118600FFD51D /* ViewController.swift in Sources */,
				46DC447E1E21745E00B3362E /* Follower.swift in Sources */,
				4665C5E91E1F118600FFD51D /* AppDelegate.swift in Sources */,
			);
			runOnlyForDeploymentPostprocessing = 0;
		};
		4665C5F51E1F118600FFD51D /* Sources */ = {
			isa = PBXSourcesBuildPhase;
			buildActionMask = 2147483647;
			files = (
				4665C5FE1E1F118600FFD51D /* InstagramTests.swift in Sources */,
			);
			runOnlyForDeploymentPostprocessing = 0;
		};
		4665C6001E1F118600FFD51D /* Sources */ = {
			isa = PBXSourcesBuildPhase;
			buildActionMask = 2147483647;
			files = (
				4665C6091E1F118600FFD51D /* InstagramUITests.swift in Sources */,
			);
			runOnlyForDeploymentPostprocessing = 0;
		};
/* End PBXSourcesBuildPhase section */

/* Begin PBXTargetDependency section */
		4665C5FB1E1F118600FFD51D /* PBXTargetDependency */ = {
			isa = PBXTargetDependency;
			target = 4665C5E41E1F118600FFD51D /* Instagram */;
			targetProxy = 4665C5FA1E1F118600FFD51D /* PBXContainerItemProxy */;
		};
		4665C6061E1F118600FFD51D /* PBXTargetDependency */ = {
			isa = PBXTargetDependency;
			target = 4665C5E41E1F118600FFD51D /* Instagram */;
			targetProxy = 4665C6051E1F118600FFD51D /* PBXContainerItemProxy */;
		};
/* End PBXTargetDependency section */

/* Begin PBXVariantGroup section */
		4665C5EC1E1F118600FFD51D /* Main.storyboard */ = {
			isa = PBXVariantGroup;
			children = (
				4665C5ED1E1F118600FFD51D /* Base */,
			);
			name = Main.storyboard;
			sourceTree = "<group>";
		};
		4665C5F11E1F118600FFD51D /* LaunchScreen.storyboard */ = {
			isa = PBXVariantGroup;
			children = (
				4665C5F21E1F118600FFD51D /* Base */,
			);
			name = LaunchScreen.storyboard;
			sourceTree = "<group>";
		};
/* End PBXVariantGroup section */

/* Begin XCBuildConfiguration section */
		4665C60B1E1F118600FFD51D /* Debug */ = {
			isa = XCBuildConfiguration;
			buildSettings = {
				ALWAYS_SEARCH_USER_PATHS = NO;
				CLANG_ANALYZER_NONNULL = YES;
				CLANG_CXX_LANGUAGE_STANDARD = "gnu++0x";
				CLANG_CXX_LIBRARY = "libc++";
				CLANG_ENABLE_MODULES = YES;
				CLANG_ENABLE_OBJC_ARC = YES;
				CLANG_WARN_BOOL_CONVERSION = YES;
				CLANG_WARN_CONSTANT_CONVERSION = YES;
				CLANG_WARN_DIRECT_OBJC_ISA_USAGE = YES_ERROR;
				CLANG_WARN_DOCUMENTATION_COMMENTS = YES;
				CLANG_WARN_EMPTY_BODY = YES;
				CLANG_WARN_ENUM_CONVERSION = YES;
				CLANG_WARN_INFINITE_RECURSION = YES;
				CLANG_WARN_INT_CONVERSION = YES;
				CLANG_WARN_OBJC_ROOT_CLASS = YES_ERROR;
				CLANG_WARN_SUSPICIOUS_MOVE = YES;
				CLANG_WARN_UNREACHABLE_CODE = YES;
				CLANG_WARN__DUPLICATE_METHOD_MATCH = YES;
				"CODE_SIGN_IDENTITY[sdk=iphoneos*]" = "iPhone Developer";
				COPY_PHASE_STRIP = NO;
				DEBUG_INFORMATION_FORMAT = dwarf;
				ENABLE_STRICT_OBJC_MSGSEND = YES;
				ENABLE_TESTABILITY = YES;
				GCC_C_LANGUAGE_STANDARD = gnu99;
				GCC_DYNAMIC_NO_PIC = NO;
				GCC_NO_COMMON_BLOCKS = YES;
				GCC_OPTIMIZATION_LEVEL = 0;
				GCC_PREPROCESSOR_DEFINITIONS = (
					"DEBUG=1",
					"$(inherited)",
				);
				GCC_WARN_64_TO_32_BIT_CONVERSION = YES;
				GCC_WARN_ABOUT_RETURN_TYPE = YES_ERROR;
				GCC_WARN_UNDECLARED_SELECTOR = YES;
				GCC_WARN_UNINITIALIZED_AUTOS = YES_AGGRESSIVE;
				GCC_WARN_UNUSED_FUNCTION = YES;
				GCC_WARN_UNUSED_VARIABLE = YES;
				IPHONEOS_DEPLOYMENT_TARGET = 10.2;
				MTL_ENABLE_DEBUG_INFO = YES;
				ONLY_ACTIVE_ARCH = YES;
				SDKROOT = iphoneos;
				SWIFT_ACTIVE_COMPILATION_CONDITIONS = DEBUG;
				SWIFT_OPTIMIZATION_LEVEL = "-Onone";
			};
			name = Debug;
		};
		4665C60C1E1F118600FFD51D /* Release */ = {
			isa = XCBuildConfiguration;
			buildSettings = {
				ALWAYS_SEARCH_USER_PATHS = NO;
				CLANG_ANALYZER_NONNULL = YES;
				CLANG_CXX_LANGUAGE_STANDARD = "gnu++0x";
				CLANG_CXX_LIBRARY = "libc++";
				CLANG_ENABLE_MODULES = YES;
				CLANG_ENABLE_OBJC_ARC = YES;
				CLANG_WARN_BOOL_CONVERSION = YES;
				CLANG_WARN_CONSTANT_CONVERSION = YES;
				CLANG_WARN_DIRECT_OBJC_ISA_USAGE = YES_ERROR;
				CLANG_WARN_DOCUMENTATION_COMMENTS = YES;
				CLANG_WARN_EMPTY_BODY = YES;
				CLANG_WARN_ENUM_CONVERSION = YES;
				CLANG_WARN_INFINITE_RECURSION = YES;
				CLANG_WARN_INT_CONVERSION = YES;
				CLANG_WARN_OBJC_ROOT_CLASS = YES_ERROR;
				CLANG_WARN_SUSPICIOUS_MOVE = YES;
				CLANG_WARN_UNREACHABLE_CODE = YES;
				CLANG_WARN__DUPLICATE_METHOD_MATCH = YES;
				"CODE_SIGN_IDENTITY[sdk=iphoneos*]" = "iPhone Developer";
				COPY_PHASE_STRIP = NO;
				DEBUG_INFORMATION_FORMAT = "dwarf-with-dsym";
				ENABLE_NS_ASSERTIONS = NO;
				ENABLE_STRICT_OBJC_MSGSEND = YES;
				GCC_C_LANGUAGE_STANDARD = gnu99;
				GCC_NO_COMMON_BLOCKS = YES;
				GCC_WARN_64_TO_32_BIT_CONVERSION = YES;
				GCC_WARN_ABOUT_RETURN_TYPE = YES_ERROR;
				GCC_WARN_UNDECLARED_SELECTOR = YES;
				GCC_WARN_UNINITIALIZED_AUTOS = YES_AGGRESSIVE;
				GCC_WARN_UNUSED_FUNCTION = YES;
				GCC_WARN_UNUSED_VARIABLE = YES;
				IPHONEOS_DEPLOYMENT_TARGET = 10.2;
				MTL_ENABLE_DEBUG_INFO = NO;
				SDKROOT = iphoneos;
				SWIFT_OPTIMIZATION_LEVEL = "-Owholemodule";
				VALIDATE_PRODUCT = YES;
			};
			name = Release;
		};
		4665C60E1E1F118600FFD51D /* Debug */ = {
			isa = XCBuildConfiguration;
			buildSettings = {
				ASSETCATALOG_COMPILER_APPICON_NAME = AppIcon;
				DEVELOPMENT_TEAM = 5D6S47J43L;
				FRAMEWORK_SEARCH_PATHS = (
					"$(inherited)",
					"$(PROJECT_DIR)/Frameworks",
					"$(PROJECT_DIR)",
				);
				INFOPLIST_FILE = Instagram/Info.plist;
				LD_RUNPATH_SEARCH_PATHS = "$(inherited) @executable_path/Frameworks";
				OTHER_LDFLAGS = (
					"$(OTHER_LDFLAGS)",
					"-ObjC",
				);
				PRODUCT_BUNDLE_IDENTIFIER = sdn.Instagram;
				PRODUCT_NAME = "$(TARGET_NAME)";
				SWIFT_OBJC_BRIDGING_HEADER = "Instagram/Instagram-Bridging-Header.h";
				SWIFT_VERSION = 3.0;
			};
			name = Debug;
		};
		4665C60F1E1F118600FFD51D /* Release */ = {
			isa = XCBuildConfiguration;
			buildSettings = {
				ASSETCATALOG_COMPILER_APPICON_NAME = AppIcon;
				DEVELOPMENT_TEAM = 5D6S47J43L;
				FRAMEWORK_SEARCH_PATHS = (
					"$(inherited)",
					"$(PROJECT_DIR)/Frameworks",
					"$(PROJECT_DIR)",
				);
				INFOPLIST_FILE = Instagram/Info.plist;
				LD_RUNPATH_SEARCH_PATHS = "$(inherited) @executable_path/Frameworks";
				OTHER_LDFLAGS = (
					"$(OTHER_LDFLAGS)",
					"-ObjC",
				);
				PRODUCT_BUNDLE_IDENTIFIER = sdn.Instagram;
				PRODUCT_NAME = "$(TARGET_NAME)";
				SWIFT_OBJC_BRIDGING_HEADER = "Instagram/Instagram-Bridging-Header.h";
				SWIFT_VERSION = 3.0;
			};
			name = Release;
		};
		4665C6111E1F118600FFD51D /* Debug */ = {
			isa = XCBuildConfiguration;
			buildSettings = {
				ALWAYS_EMBED_SWIFT_STANDARD_LIBRARIES = YES;
				BUNDLE_LOADER = "$(TEST_HOST)";
				INFOPLIST_FILE = InstagramTests/Info.plist;
				LD_RUNPATH_SEARCH_PATHS = "$(inherited) @executable_path/Frameworks @loader_path/Frameworks";
				PRODUCT_BUNDLE_IDENTIFIER = sdn.InstagramTests;
				PRODUCT_NAME = "$(TARGET_NAME)";
				SWIFT_VERSION = 3.0;
				TEST_HOST = "$(BUILT_PRODUCTS_DIR)/Instagram.app/Instagram";
			};
			name = Debug;
		};
		4665C6121E1F118600FFD51D /* Release */ = {
			isa = XCBuildConfiguration;
			buildSettings = {
				ALWAYS_EMBED_SWIFT_STANDARD_LIBRARIES = YES;
				BUNDLE_LOADER = "$(TEST_HOST)";
				INFOPLIST_FILE = InstagramTests/Info.plist;
				LD_RUNPATH_SEARCH_PATHS = "$(inherited) @executable_path/Frameworks @loader_path/Frameworks";
				PRODUCT_BUNDLE_IDENTIFIER = sdn.InstagramTests;
				PRODUCT_NAME = "$(TARGET_NAME)";
				SWIFT_VERSION = 3.0;
				TEST_HOST = "$(BUILT_PRODUCTS_DIR)/Instagram.app/Instagram";
			};
			name = Release;
		};
		4665C6141E1F118600FFD51D /* Debug */ = {
			isa = XCBuildConfiguration;
			buildSettings = {
				ALWAYS_EMBED_SWIFT_STANDARD_LIBRARIES = YES;
				INFOPLIST_FILE = InstagramUITests/Info.plist;
				LD_RUNPATH_SEARCH_PATHS = "$(inherited) @executable_path/Frameworks @loader_path/Frameworks";
				PRODUCT_BUNDLE_IDENTIFIER = sdn.InstagramUITests;
				PRODUCT_NAME = "$(TARGET_NAME)";
				SWIFT_VERSION = 3.0;
				TEST_TARGET_NAME = Instagram;
			};
			name = Debug;
		};
		4665C6151E1F118600FFD51D /* Release */ = {
			isa = XCBuildConfiguration;
			buildSettings = {
				ALWAYS_EMBED_SWIFT_STANDARD_LIBRARIES = YES;
				INFOPLIST_FILE = InstagramUITests/Info.plist;
				LD_RUNPATH_SEARCH_PATHS = "$(inherited) @executable_path/Frameworks @loader_path/Frameworks";
				PRODUCT_BUNDLE_IDENTIFIER = sdn.InstagramUITests;
				PRODUCT_NAME = "$(TARGET_NAME)";
				SWIFT_VERSION = 3.0;
				TEST_TARGET_NAME = Instagram;
			};
			name = Release;
		};
/* End XCBuildConfiguration section */

/* Begin XCConfigurationList section */
		4665C5E01E1F118600FFD51D /* Build configuration list for PBXProject "Instagram" */ = {
			isa = XCConfigurationList;
			buildConfigurations = (
				4665C60B1E1F118600FFD51D /* Debug */,
				4665C60C1E1F118600FFD51D /* Release */,
			);
			defaultConfigurationIsVisible = 0;
			defaultConfigurationName = Release;
		};
		4665C60D1E1F118600FFD51D /* Build configuration list for PBXNativeTarget "Instagram" */ = {
			isa = XCConfigurationList;
			buildConfigurations = (
				4665C60E1E1F118600FFD51D /* Debug */,
				4665C60F1E1F118600FFD51D /* Release */,
			);
			defaultConfigurationIsVisible = 0;
			defaultConfigurationName = Release;
		};
		4665C6101E1F118600FFD51D /* Build configuration list for PBXNativeTarget "InstagramTests" */ = {
			isa = XCConfigurationList;
			buildConfigurations = (
				4665C6111E1F118600FFD51D /* Debug */,
				4665C6121E1F118600FFD51D /* Release */,
			);
			defaultConfigurationIsVisible = 0;
			defaultConfigurationName = Release;
		};
		4665C6131E1F118600FFD51D /* Build configuration list for PBXNativeTarget "InstagramUITests" */ = {
			isa = XCConfigurationList;
			buildConfigurations = (
				4665C6141E1F118600FFD51D /* Debug */,
				4665C6151E1F118600FFD51D /* Release */,
			);
			defaultConfigurationIsVisible = 0;
			defaultConfigurationName = Release;
		};
/* End XCConfigurationList section */
	};
	rootObject = 4665C5DD1E1F118600FFD51D /* Project object */;
}
